
Microsoft Visual Studio Solution File, Format Version 12.00
# Visual Studio Version 17
VisualStudioVersion = 17.14.36301.6 d17.14
MinimumVisualStudioVersion = 10.0.40219.1
Project("{54A90642-561A-4BB1-A94E-469ADEE60C69}") = "egp.client", "egp.client\egp.client.esproj", "{B0B3DAC1-892F-B630-8878-28A1E063CF4B}"
EndProject
Project("{FAE04EC0-301F-11D3-BF4B-00C04F79EFBC}") = "EGP.Server", "EGP.Server\EGP.Server.csproj", "{F25C65AB-2B60-405A-B0EA-CA4858DB852F}"
EndProject
Global
	GlobalSection(SolutionConfigurationPlatforms) = preSolution
		Debug|Any CPU = Debug|Any CPU
		Release|Any CPU = Release|Any CPU
	EndGlobalSection
	GlobalSection(ProjectConfigurationPlatforms) = postSolution
		{B0B3DAC1-892F-B630-8878-28A1E063CF4B}.Debug|Any CPU.ActiveCfg = Debug|Any CPU
		{B0B3DAC1-892F-B630-8878-28A1E063CF4B}.Debug|Any CPU.Build.0 = Debug|Any CPU
		{B0B3DAC1-892F-B630-8878-28A1E063CF4B}.Debug|Any CPU.Deploy.0 = Debug|Any CPU
		{B0B3DAC1-892F-B630-8878-28A1E063CF4B}.Release|Any CPU.ActiveCfg = Release|Any CPU
		{B0B3DAC1-892F-B630-8878-28A1E063CF4B}.Release|Any CPU.Build.0 = Release|Any CPU
		{B0B3DAC1-892F-B630-8878-28A1E063CF4B}.Release|Any CPU.Deploy.0 = Release|Any CPU
		{F25C65AB-2B60-405A-B0EA-CA4858DB852F}.Debug|Any CPU.ActiveCfg = Debug|Any CPU
		{F25C65AB-2B60-405A-B0EA-CA4858DB852F}.Debug|Any CPU.Build.0 = Debug|Any CPU
		{F25C65AB-2B60-405A-B0EA-CA4858DB852F}.Release|Any CPU.ActiveCfg = Release|Any CPU
		{F25C65AB-2B60-405A-B0EA-CA4858DB852F}.Release|Any CPU.Build.0 = Release|Any CPU
	EndGlobalSection
	GlobalSection(SolutionProperties) = preSolution
		HideSolutionNode = FALSE
	EndGlobalSection
	GlobalSection(ExtensibilityGlobals) = postSolution
		SolutionGuid = {5E6AB551-F682-4266-905B-B6081CBB395F}
	EndGlobalSection
EndGlobal
